
Microsoft Visual Studio Solution File, Format Version 12.00
# Visual Studio 15
VisualStudioVersion = 15.0.28307.852
MinimumVisualStudioVersion = 10.0.40219.1
Project("{8BC9CEB8-8B4A-11D0-8D11-00A0C91BC942}") = "2019_9_22", "2019_9_22\2019_9_22.vcxproj", "{FA6D64E3-2EF6-48A8-AC4B-14713011C415}"
EndProject
Global
	GlobalSection(SolutionConfigurationPlatforms) = preSolution
		Debug|x64 = Debug|x64
		Debug|x86 = Debug|x86
		Release|x64 = Release|x64
		Release|x86 = Release|x86
	EndGlobalSection
	GlobalSection(ProjectConfigurationPlatforms) = postSolution
		{FA6D64E3-2EF6-48A8-AC4B-14713011C415}.Debug|x64.ActiveCfg = Debug|x64
		{FA6D64E3-2EF6-48A8-AC4B-14713011C415}.Debug|x64.Build.0 = Debug|x64
		{FA6D64E3-2EF6-48A8-AC4B-14713011C415}.Debug|x86.ActiveCfg = Debug|Win32
		{FA6D64E3-2EF6-48A8-AC4B-14713011C415}.Debug|x86.Build.0 = Debug|Win32
		{FA6D64E3-2EF6-48A8-AC4B-14713011C415}.Release|x64.ActiveCfg = Release|x64
		{FA6D64E3-2EF6-48A8-AC4B-14713011C415}.Release|x64.Build.0 = Release|x64
		{FA6D64E3-2EF6-48A8-AC4B-14713011C415}.Release|x86.ActiveCfg = Release|Win32
		{FA6D64E3-2EF6-48A8-AC4B-14713011C415}.Release|x86.Build.0 = Release|Win32
	EndGlobalSection
	GlobalSection(SolutionProperties) = preSolution
		HideSolutionNode = FALSE
	EndGlobalSection
	GlobalSection(ExtensibilityGlobals) = postSolution
		SolutionGuid = {51CCE9B1-0104-4FC4-AC9A-AF49468C84B1}
	EndGlobalSection
EndGlobal
