
Microsoft Visual Studio Solution File, Format Version 12.00
# Visual Studio 15
VisualStudioVersion = 15.0.28307.852
MinimumVisualStudioVersion = 10.0.40219.1
Project("{8BC9CEB8-8B4A-11D0-8D11-00A0C91BC942}") = "mineGame", "mineGame\mineGame.vcxproj", "{301EC2AB-2DF1-4207-B254-0B678E3C2E42}"
EndProject
Global
	GlobalSection(SolutionConfigurationPlatforms) = preSolution
		Debug|x64 = Debug|x64
		Debug|x86 = Debug|x86
		Release|x64 = Release|x64
		Release|x86 = Release|x86
	EndGlobalSection
	GlobalSection(ProjectConfigurationPlatforms) = postSolution
		{301EC2AB-2DF1-4207-B254-0B678E3C2E42}.Debug|x64.ActiveCfg = Debug|x64
		{301EC2AB-2DF1-4207-B254-0B678E3C2E42}.Debug|x64.Build.0 = Debug|x64
		{301EC2AB-2DF1-4207-B254-0B678E3C2E42}.Debug|x86.ActiveCfg = Debug|Win32
		{301EC2AB-2DF1-4207-B254-0B678E3C2E42}.Debug|x86.Build.0 = Debug|Win32
		{301EC2AB-2DF1-4207-B254-0B678E3C2E42}.Release|x64.ActiveCfg = Release|x64
		{301EC2AB-2DF1-4207-B254-0B678E3C2E42}.Release|x64.Build.0 = Release|x64
		{301EC2AB-2DF1-4207-B254-0B678E3C2E42}.Release|x86.ActiveCfg = Release|Win32
		{301EC2AB-2DF1-4207-B254-0B678E3C2E42}.Release|x86.Build.0 = Release|Win32
	EndGlobalSection
	GlobalSection(SolutionProperties) = preSolution
		HideSolutionNode = FALSE
	EndGlobalSection
	GlobalSection(ExtensibilityGlobals) = postSolution
		SolutionGuid = {748517E1-C6FB-4499-BC0A-3643F21E5FD7}
	EndGlobalSection
EndGlobal
